# This file is automatically @generated by Cargo.
# It is not intended for manual editing.
version = 4

[[package]]
name = "crust"
version = "0.1.0"

[[package]]
name = "lexer_generator"
version = "0.1.0"

[[package]]
name = "parser_generator"
version = "0.1.0"
dependencies = [
 "lexer_generator",
]

[[package]]
name = "simple_calculator"
version = "0.1.0"
dependencies = [
 "parser_generator",
]
